
Microsoft Visual Studio Solution File, Format Version 12.00
# Visual Studio Version 17
VisualStudioVersion = 17.3.32825.248
MinimumVisualStudioVersion = 10.0.40219.1
Project("{FAE04EC0-301F-11D3-BF4B-00C04F79EFBC}") = "ApiVersionControl", "ApiVersionControl.csproj", "{52455441-9073-4445-B0F7-BFFF1E82B289}"
EndProject
Global
	GlobalSection(SolutionConfigurationPlatforms) = preSolution
		Debug|Any CPU = Debug|Any CPU
		Release|Any CPU = Release|Any CPU
	EndGlobalSection
	GlobalSection(ProjectConfigurationPlatforms) = postSolution
		{52455441-9073-4445-B0F7-BFFF1E82B289}.Debug|Any CPU.ActiveCfg = Debug|Any CPU
		{52455441-9073-4445-B0F7-BFFF1E82B289}.Debug|Any CPU.Build.0 = Debug|Any CPU
		{52455441-9073-4445-B0F7-BFFF1E82B289}.Release|Any CPU.ActiveCfg = Release|Any CPU
		{52455441-9073-4445-B0F7-BFFF1E82B289}.Release|Any CPU.Build.0 = Release|Any CPU
	EndGlobalSection
	GlobalSection(SolutionProperties) = preSolution
		HideSolutionNode = FALSE
	EndGlobalSection
	GlobalSection(ExtensibilityGlobals) = postSolution
		SolutionGuid = {584A09F2-B793-438C-A329-49A863C8A087}
	EndGlobalSection
EndGlobal
